{"1.2.0",
[{<<"acceptor_pool">>,{pkg,<<"acceptor_pool">>,<<"1.0.0">>},1},
 {<<"chatterbox">>,{pkg,<<"ts_chatterbox">>,<<"0.12.0">>},1},
 {<<"ctx">>,{pkg,<<"ctx">>,<<"0.6.0">>},1},
 {<<"gproc">>,{pkg,<<"gproc">>,<<"0.8.0">>},1},
 {<<"grpcbox">>,{pkg,<<"grpcbox">>,<<"0.15.0">>},0},
 {<<"hpack">>,{pkg,<<"hpack_erl">>,<<"0.2.3">>},2},
 {<<"opentelemetry_api">>,{pkg,<<"opentelemetry_api">>,<<"1.0.3">>},0},
 {<<"opentelemetry_grpcbox">>,
  {pkg,<<"opentelemetry_grpcbox">>,<<"0.1.0">>},
  0}]}.
[
{pkg_hash,[
 {<<"acceptor_pool">>, <<"43C20D2ACAE35F0C2BCD64F9D2BDE267E459F0F3FD23DAB26485BF518C281B21">>},
 {<<"chatterbox">>, <<"4E54F199E15C0320B85372A24E35554A2CCFC4342E0B7CD8DAED9A04F9B8EF4A">>},
 {<<"ctx">>, <<"8FF88B70E6400C4DF90142E7F130625B82086077A45364A78D208ED3ED53C7FE">>},
 {<<"gproc">>, <<"CEA02C578589C61E5341FCE149EA36CCEF236CC2ECAC8691FBA408E7EA77EC2F">>},
 {<<"grpcbox">>, <<"97C7126296A091602D372EBF5860A04F7BC795B45B33A984CAD2B8E362774FD8">>},
 {<<"hpack">>, <<"17670F83FF984AE6CD74B1C456EDDE906D27FF013740EE4D9EFAA4F1BF999633">>},
 {<<"opentelemetry_api">>, <<"77F9644C42340CD8B18C728CDE4822ED55AE136F0D07761B78E8C54DA46AF93A">>},
 {<<"opentelemetry_grpcbox">>, <<"2106E5C1DBCE433537529DF809D773BB6CC243E55ADD8BF6F596F218A63E26DB">>}]},
{pkg_hash_ext,[
 {<<"acceptor_pool">>, <<"0CBCD83FDC8B9AD2EEE2067EF8B91A14858A5883CB7CD800E6FCD5803E158788">>},
 {<<"chatterbox">>, <<"6478C161BC60244F41CD5847CC3ACCD26D997883E9F7FACD36FF24533B2FA579">>},
 {<<"ctx">>, <<"A14ED2D1B67723DBEBBE423B28D7615EB0BDCBA6FF28F2D1F1B0A7E1D4AA5FC2">>},
 {<<"gproc">>, <<"580ADAFA56463B75263EF5A5DF4C86AF321F68694E7786CB057FD805D1E2A7DE">>},
 {<<"grpcbox">>, <<"161ABE9E17E7D1982EFA6488ADEAA13C3E847A07984A6E6B224E553368918647">>},
 {<<"hpack">>, <<"06F580167C4B8B8A6429040DF36CC93BBA6D571FAEAEC1B28816523379CBB23A">>},
 {<<"opentelemetry_api">>, <<"4293E06BD369BC004E6FAD5EDBB56456D891F14BD3F9F1772B18F1923E0678EA">>},
 {<<"opentelemetry_grpcbox">>, <<"4D54C9376A8EC79ED71A654633E25470C545A1789AB46A589B6562699C677B54">>}]}
].
